[[package]]
name = "atomicwrites"
version = "1.4.0"
description = "Atomic file writes."
category = "dev"
optional = false
python-versions = ">=2.7, !=3.0.*, !=3.1.*, !=3.2.*, !=3.3.*"

[[package]]
name = "attrs"
version = "21.2.0"
description = "Classes Without Boilerplate"
category = "dev"
optional = false
python-versions = ">=2.7, !=3.0.*, !=3.1.*, !=3.2.*, !=3.3.*, !=3.4.*"

[package.extras]
dev = ["coverage[toml] (>=5.0.2)", "hypothesis", "pympler", "pytest (>=4.3.0)", "six", "mypy", "pytest-mypy-plugins", "zope.interface", "furo", "sphinx", "sphinx-notfound-page", "pre-commit"]
docs = ["furo", "sphinx", "zope.interface", "sphinx-notfound-page"]
tests = ["coverage[toml] (>=5.0.2)", "hypothesis", "pympler", "pytest (>=4.3.0)", "six", "mypy", "pytest-mypy-plugins", "zope.interface"]
tests_no_zope = ["coverage[toml] (>=5.0.2)", "hypothesis", "pympler", "pytest (>=4.3.0)", "six", "mypy", "pytest-mypy-plugins"]

[[package]]
name = "avantpy-extended"
version = "0.1.2"
description = "AvantPy with Extensions"
category = "main"
optional = false
python-versions = ">=3.9,<4.0"

[package.dependencies]
friendly-traceback = "0.0.10"
PyYAML = ">=6.0,<7.0"
requests = ">=2.26.0,<3.0.0"
unicode = ">=2.8,<3.0"
Unidecode = ">=1.3.2,<2.0.0"
xdg = ">=5.1.1,<6.0.0"

[[package]]
name = "avantpy-trans.curses"
version = "0.0.2"
description = "avantpy translations"
category = "main"
optional = false
python-versions = ">=3.6.5,<4.0.0"

[package.dependencies]
PyYAML = ">=6.0,<7.0"

[[package]]
name = "avantpy-trans.direct"
version = "0.0.2"
description = "avantpy translations"
category = "main"
optional = false
python-versions = ">=3.6.5,<4.0.0"

[package.dependencies]
PyYAML = ">=6.0,<7.0"

[[package]]
name = "avantpy-trans.panda3d"
version = "0.0.2"
description = "avantpy translations"
category = "main"
optional = false
python-versions = ">=3.6.5,<4.0.0"

[package.dependencies]
PyYAML = ">=6.0,<7.0"

[[package]]
name = "certifi"
version = "2021.10.8"
description = "Python package for providing Mozilla's CA Bundle."
category = "main"
optional = false
python-versions = "*"

[[package]]
name = "charset-normalizer"
version = "2.0.8"
description = "The Real First Universal Charset Detector. Open, modern and actively maintained alternative to Chardet."
category = "main"
optional = false
python-versions = ">=3.5.0"

[package.extras]
unicode_backport = ["unicodedata2"]

[[package]]
name = "colorama"
version = "0.4.4"
description = "Cross-platform colored terminal text."
category = "dev"
optional = false
python-versions = ">=2.7, !=3.0.*, !=3.1.*, !=3.2.*, !=3.3.*, !=3.4.*"

[[package]]
name = "friendly-traceback"
version = "0.0.10"
description = "Friendlier tracebacks in any language."
category = "main"
optional = false
python-versions = "*"

[[package]]
name = "idna"
version = "3.3"
description = "Internationalized Domain Names in Applications (IDNA)"
category = "main"
optional = false
python-versions = ">=3.5"

[[package]]
name = "more-itertools"
version = "8.12.0"
description = "More routines for operating on iterables, beyond itertools"
category = "dev"
optional = false
python-versions = ">=3.5"

[[package]]
name = "packaging"
version = "21.3"
description = "Core utilities for Python packages"
category = "dev"
optional = false
python-versions = ">=3.6"

[package.dependencies]
pyparsing = ">=2.0.2,<3.0.5 || >3.0.5"

[[package]]
name = "panda3d"
version = "1.10.10"
description = "Panda3D is a framework for 3D rendering and game development for Python and C++ programs."
category = "main"
optional = false
python-versions = "*"

[[package]]
name = "pluggy"
version = "0.13.1"
description = "plugin and hook calling mechanisms for python"
category = "dev"
optional = false
python-versions = ">=2.7, !=3.0.*, !=3.1.*, !=3.2.*, !=3.3.*"

[package.extras]
dev = ["pre-commit", "tox"]

[[package]]
name = "py"
version = "1.11.0"
description = "library with cross-python path, ini-parsing, io, code, log facilities"
category = "dev"
optional = false
python-versions = ">=2.7, !=3.0.*, !=3.1.*, !=3.2.*, !=3.3.*, !=3.4.*"

[[package]]
name = "pyparsing"
version = "3.0.6"
description = "Python parsing module"
category = "dev"
optional = false
python-versions = ">=3.6"

[package.extras]
diagrams = ["jinja2", "railroad-diagrams"]

[[package]]
name = "pytest"
version = "5.4.3"
description = "pytest: simple powerful testing with Python"
category = "dev"
optional = false
python-versions = ">=3.5"

[package.dependencies]
atomicwrites = {version = ">=1.0", markers = "sys_platform == \"win32\""}
attrs = ">=17.4.0"
colorama = {version = "*", markers = "sys_platform == \"win32\""}
more-itertools = ">=4.0.0"
packaging = "*"
pluggy = ">=0.12,<1.0"
py = ">=1.5.0"
wcwidth = "*"

[package.extras]
checkqa-mypy = ["mypy (==v0.761)"]
testing = ["argcomplete", "hypothesis (>=3.56)", "mock", "nose", "requests", "xmlschema"]

[[package]]
name = "pyyaml"
version = "6.0"
description = "YAML parser and emitter for Python"
category = "main"
optional = false
python-versions = ">=3.6"

[[package]]
name = "requests"
version = "2.26.0"
description = "Python HTTP for Humans."
category = "main"
optional = false
python-versions = ">=2.7, !=3.0.*, !=3.1.*, !=3.2.*, !=3.3.*, !=3.4.*, !=3.5.*"

[package.dependencies]
certifi = ">=2017.4.17"
charset-normalizer = {version = ">=2.0.0,<2.1.0", markers = "python_version >= \"3\""}
idna = {version = ">=2.5,<4", markers = "python_version >= \"3\""}
urllib3 = ">=1.21.1,<1.27"

[package.extras]
socks = ["PySocks (>=1.5.6,!=1.5.7)", "win-inet-pton"]
use_chardet_on_py3 = ["chardet (>=3.0.2,<5)"]

[[package]]
name = "unicode"
version = "2.8"
description = "Display unicode character properties"
category = "main"
optional = false
python-versions = "*"

[[package]]
name = "unidecode"
version = "1.3.2"
description = "ASCII transliterations of Unicode text"
category = "main"
optional = false
python-versions = ">=3.5"

[[package]]
name = "urllib3"
version = "1.26.7"
description = "HTTP library with thread-safe connection pooling, file post, and more."
category = "main"
optional = false
python-versions = ">=2.7, !=3.0.*, !=3.1.*, !=3.2.*, !=3.3.*, !=3.4.*, <4"

[package.extras]
brotli = ["brotlipy (>=0.6.0)"]
secure = ["pyOpenSSL (>=0.14)", "cryptography (>=1.3.4)", "idna (>=2.0.0)", "certifi", "ipaddress"]
socks = ["PySocks (>=1.5.6,!=1.5.7,<2.0)"]

[[package]]
name = "wcwidth"
version = "0.2.5"
description = "Measures the displayed width of unicode strings in a terminal"
category = "dev"
optional = false
python-versions = "*"

[[package]]
name = "xdg"
version = "5.1.1"
description = "Variables defined by the XDG Base Directory Specification"
category = "main"
optional = false
python-versions = ">=3.6,<4.0"

[metadata]
lock-version = "1.1"
python-versions = "^3.9"
content-hash = "d59f7491f37294ad957258b72952853f7bd81a08b42e1cf74ffac85e32254a29"

[metadata.files]
atomicwrites = [
    {file = "atomicwrites-1.4.0-py2.py3-none-any.whl", hash = "sha256:6d1784dea7c0c8d4a5172b6c620f40b6e4cbfdf96d783691f2e1302a7b88e197"},
    {file = "atomicwrites-1.4.0.tar.gz", hash = "sha256:ae70396ad1a434f9c7046fd2dd196fc04b12f9e91ffb859164193be8b6168a7a"},
]
attrs = [
    {file = "attrs-21.2.0-py2.py3-none-any.whl", hash = "sha256:149e90d6d8ac20db7a955ad60cf0e6881a3f20d37096140088356da6c716b0b1"},
    {file = "attrs-21.2.0.tar.gz", hash = "sha256:ef6aaac3ca6cd92904cdd0d83f629a15f18053ec84e6432106f7a4d04ae4f5fb"},
]
avantpy-extended = [
    {file = "avantpy-extended-0.1.2.tar.gz", hash = "sha256:cd440e5f37d444d943221eb49d0c973871a87ed8668da3fdadbd9742528e91f7"},
    {file = "avantpy_extended-0.1.2-py3-none-any.whl", hash = "sha256:7bd703c8f09ab361b4654f43f420e73a06556ad776e5a1a3454f96949c392722"},
]
"avantpy-trans.curses" = [
    {file = "avantpy_trans.curses-0.0.2-py3-none-any.whl", hash = "sha256:85fc77a9dcc5491eef4d3f8027221b4092a38552513163630819ea6930033153"},
    {file = "avantpy_trans.curses-0.0.2.tar.gz", hash = "sha256:107e45ef9faffcb7b2b98e4dba8aec208d446618bafe7d96aec5840f33a7f7bf"},
]
"avantpy-trans.direct" = [
    {file = "avantpy_trans.direct-0.0.2-py3-none-any.whl", hash = "sha256:522b87f4490b602fa64fa10838cd935219ba8a2c26ba2ddfcadfa9c88f354812"},
    {file = "avantpy_trans.direct-0.0.2.tar.gz", hash = "sha256:6c16a0342a20e60a854be1ee0538aa3e654aa38de6eae024ba7078263afd60ba"},
]
"avantpy-trans.panda3d" = [
    {file = "avantpy_trans.panda3d-0.0.2-py3-none-any.whl", hash = "sha256:a32bd20590a794637c5434e9edd460ba5aeaa1de82ecb2fca80712aac7767ee2"},
    {file = "avantpy_trans.panda3d-0.0.2.tar.gz", hash = "sha256:02bf514574511a612bb10beab085e71d8c253ac34ff1012cd3939f05e47e216e"},
]
certifi = [
    {file = "certifi-2021.10.8-py2.py3-none-any.whl", hash = "sha256:d62a0163eb4c2344ac042ab2bdf75399a71a2d8c7d47eac2e2ee91b9d6339569"},
    {file = "certifi-2021.10.8.tar.gz", hash = "sha256:78884e7c1d4b00ce3cea67b44566851c4343c120abd683433ce934a68ea58872"},
]
charset-normalizer = [
    {file = "charset-normalizer-2.0.8.tar.gz", hash = "sha256:735e240d9a8506778cd7a453d97e817e536bb1fc29f4f6961ce297b9c7a917b0"},
    {file = "charset_normalizer-2.0.8-py3-none-any.whl", hash = "sha256:83fcdeb225499d6344c8f7f34684c2981270beacc32ede2e669e94f7fa544405"},
]
colorama = [
    {file = "colorama-0.4.4-py2.py3-none-any.whl", hash = "sha256:9f47eda37229f68eee03b24b9748937c7dc3868f906e8ba69fbcbdd3bc5dc3e2"},
    {file = "colorama-0.4.4.tar.gz", hash = "sha256:5941b2b48a20143d2267e95b1c2a7603ce057ee39fd88e7329b0c292aa16869b"},
]
friendly-traceback = [
    {file = "friendly-traceback-0.0.10.tar.gz", hash = "sha256:5f24d272e456d99275bcfd6cbe1d19484d1095dcdaaf4772075148abace121be"},
    {file = "friendly_traceback-0.0.10-py3-none-any.whl", hash = "sha256:af2c150107ec1cc35b3ffd6d5765050997f6e30091dafb10c55b2e5eb6cbf394"},
]
idna = [
    {file = "idna-3.3-py3-none-any.whl", hash = "sha256:84d9dd047ffa80596e0f246e2eab0b391788b0503584e8945f2368256d2735ff"},
    {file = "idna-3.3.tar.gz", hash = "sha256:9d643ff0a55b762d5cdb124b8eaa99c66322e2157b69160bc32796e824360e6d"},
]
more-itertools = [
    {file = "more-itertools-8.12.0.tar.gz", hash = "sha256:7dc6ad46f05f545f900dd59e8dfb4e84a4827b97b3cfecb175ea0c7d247f6064"},
    {file = "more_itertools-8.12.0-py3-none-any.whl", hash = "sha256:43e6dd9942dffd72661a2c4ef383ad7da1e6a3e968a927ad7a6083ab410a688b"},
]
packaging = [
    {file = "packaging-21.3-py3-none-any.whl", hash = "sha256:ef103e05f519cdc783ae24ea4e2e0f508a9c99b2d4969652eed6a2e1ea5bd522"},
    {file = "packaging-21.3.tar.gz", hash = "sha256:dd47c42927d89ab911e606518907cc2d3a1f38bbd026385970643f9c5b8ecfeb"},
]
panda3d = [
    {file = "panda3d-1.10.10-cp27-cp27m-macosx_10_6_i386.whl", hash = "sha256:26b031d78d95251c4fe849553298fcdb866289265a5b1164891a1618b578e240"},
    {file = "panda3d-1.10.10-cp27-cp27m-macosx_10_6_x86_64.whl", hash = "sha256:49a6bea9b2c2c981f632d67a0063e3dbdc3fab00b0e0f2b7d868e8e6933a732b"},
    {file = "panda3d-1.10.10-cp27-cp27m-macosx_10_9_x86_64.whl", hash = "sha256:3a799e417cf6edcfedb93250f0ae6519b53c2aafa497e19da0eabe7f11599af4"},
    {file = "panda3d-1.10.10-cp27-cp27m-win32.whl", hash = "sha256:dcf17402438c28fc37815d0c9b602face452174cf1611d6fb8b6890ce8592db6"},
    {file = "panda3d-1.10.10-cp27-cp27m-win_amd64.whl", hash = "sha256:4fab4f113b1d3922f74e5a8e2c835c56a06947c3e255f338f24ff343886ff832"},
    {file = "panda3d-1.10.10-cp27-cp27mu-manylinux1_i686.whl", hash = "sha256:afbd503ecb6c6f26cca693688d8b16fe4a7f7938bdfa6f01a8cb7993924c469f"},
    {file = "panda3d-1.10.10-cp27-cp27mu-manylinux1_x86_64.whl", hash = "sha256:adfe679fa79a859274f602da34fb17bcc0b0817c21803f3e61aa7aeac3cb5b2d"},
    {file = "panda3d-1.10.10-cp310-cp310-macosx_10_9_x86_64.whl", hash = "sha256:e7d19cf0e184772c4c871c6b9769c35cd691cff72e1ba9e52eafe9bb5a1cb71b"},
    {file = "panda3d-1.10.10-cp310-cp310-macosx_11_0_universal2.whl", hash = "sha256:87840fcc9df260c49e59be7a290dd9eaf2a4f410910622ce912ad8f1ecf29940"},
    {file = "panda3d-1.10.10-cp310-cp310-manylinux2010_x86_64.whl", hash = "sha256:fb61aa22d85139c722cf33958e5f413a6b6c271b485ae36c4514a75bf1ea3bf8"},
    {file = "panda3d-1.10.10-cp310-cp310-win32.whl", hash = "sha256:13cdd50e544797d58ae61f3ca24f5dd519fee5ddda1e60a6c1d0c05c1efea6e6"},
    {file = "panda3d-1.10.10-cp310-cp310-win_amd64.whl", hash = "sha256:7a3da71967f110a6b7b8ce73f804c1605bc56e85bca16185332af36147dd2c20"},
    {file = "panda3d-1.10.10-cp34-cp34m-macosx_10_6_i386.whl", hash = "sha256:9e045a8a5954c181398773ad074bd2605cd2aead254516c5e6ddd4fa603bb877"},
    {file = "panda3d-1.10.10-cp34-cp34m-macosx_10_6_x86_64.whl", hash = "sha256:2be23a4da145f75088737c1ee6e696ac50d3eca19d9d58d35d5c4e8e571fc8d9"},
    {file = "panda3d-1.10.10-cp34-cp34m-manylinux1_i686.whl", hash = "sha256:8aac313e7c93b6d65fab24f623ec77551f845e74b2111553762cd17c3bb661e1"},
    {file = "panda3d-1.10.10-cp34-cp34m-manylinux1_x86_64.whl", hash = "sha256:ee65a32e159b478a0b73c644938a626e7ff0045a3249906cf661155ddc88cb24"},
    {file = "panda3d-1.10.10-cp34-cp34m-win32.whl", hash = "sha256:58fa7c1dd4236f325b989e54847cc82ea1a384254598f16fc2bd1af2f6df31f9"},
    {file = "panda3d-1.10.10-cp34-cp34m-win_amd64.whl", hash = "sha256:9ea261b88947d46a28a8d450c5c757217dd635087021d9c60471146e0c44f564"},
    {file = "panda3d-1.10.10-cp35-cp35m-macosx_10_6_i386.whl", hash = "sha256:323a64e60c31b6e3a280b3f1c69d5f2c9606f724bbb8bbf59024f926b44dfa80"},
    {file = "panda3d-1.10.10-cp35-cp35m-macosx_10_6_x86_64.whl", hash = "sha256:f1e7c30058d1ea20f13bfbf90461692ed959baae26a95a2c307a72bbcf00d7a6"},
    {file = "panda3d-1.10.10-cp35-cp35m-macosx_10_9_x86_64.whl", hash = "sha256:94ac795432c3d45413888e186e7752d25a2c5e2fbdd84c2a9de46aeaeca76ec4"},
    {file = "panda3d-1.10.10-cp35-cp35m-manylinux1_i686.whl", hash = "sha256:1dd03ca29e9fca156107d74dba774edfc2a948aaa4b998a8b74168667a20d718"},
    {file = "panda3d-1.10.10-cp35-cp35m-manylinux1_x86_64.whl", hash = "sha256:33e04736d819341f06b16ce60bf0a94a588c7317046fe21288166967c953231b"},
    {file = "panda3d-1.10.10-cp35-cp35m-win32.whl", hash = "sha256:92cdf8916d0f98be876ace2de28d1d7dafd5d2ae2dbce1bab8765995c572b44f"},
    {file = "panda3d-1.10.10-cp35-cp35m-win_amd64.whl", hash = "sha256:d0577918e18bd7fc0ebf3a829ffaecd423b664c09c372acb728f4c226cc76f66"},
    {file = "panda3d-1.10.10-cp36-cp36m-macosx_10_6_i386.whl", hash = "sha256:a3ade40e724b65ae7dd2baa7174c4eea1fcf8e2acc838afc8a0dd7a4389eddcd"},
    {file = "panda3d-1.10.10-cp36-cp36m-macosx_10_6_x86_64.whl", hash = "sha256:3a12ce56d76bfaa0a46eb6545121e4daea048af3c7b2e62626ec1a7a17cc803c"},
    {file = "panda3d-1.10.10-cp36-cp36m-macosx_10_9_x86_64.whl", hash = "sha256:baa585b7329038b4334d1768f38ffccbbae13794173da9e13264a8d98c3659f7"},
    {file = "panda3d-1.10.10-cp36-cp36m-manylinux1_i686.whl", hash = "sha256:20abc19e880c34a4b0fb0a481b07d8e5cfa828dcb3b315cc3fbe74ab25a06721"},
    {file = "panda3d-1.10.10-cp36-cp36m-manylinux1_x86_64.whl", hash = "sha256:4ca5bb1bb1386e486ac46b6d1f8ed7982b80f1c54e2cf047ec85f38ec086c780"},
    {file = "panda3d-1.10.10-cp36-cp36m-win32.whl", hash = "sha256:63b4e522c55a3d3d5a6627057a40f964cb38b8434573d39582db0a44501b5dcc"},
    {file = "panda3d-1.10.10-cp36-cp36m-win_amd64.whl", hash = "sha256:22ca069f3c08a22e58f1d63653a1042a92e1bad1aaae6b81968fc6845dadf939"},
    {file = "panda3d-1.10.10-cp37-cp37m-macosx_10_6_i386.whl", hash = "sha256:6432b9b0f629c73c0958f3810094d9ce9f740f9674019ceac43d05aa2a77088a"},
    {file = "panda3d-1.10.10-cp37-cp37m-macosx_10_6_x86_64.whl", hash = "sha256:471f5f3501fa4cf5166800a61a5bb2cb212528ef53c9c50883182dd7076b727d"},
    {file = "panda3d-1.10.10-cp37-cp37m-macosx_10_9_x86_64.whl", hash = "sha256:dda28abcb7bf270cdc31d6227d2489cfd88be242d3b6e1ea46676f1908bfda44"},
    {file = "panda3d-1.10.10-cp37-cp37m-manylinux1_i686.whl", hash = "sha256:4fd06f08321e8d5a5cfe1c5db685f7a104b0f7efa5f7465f16a5134213689b91"},
    {file = "panda3d-1.10.10-cp37-cp37m-manylinux1_x86_64.whl", hash = "sha256:accc920ee2a6446940bb745c5367bbc543099149820b0350b5c32383022bf2bc"},
    {file = "panda3d-1.10.10-cp37-cp37m-win32.whl", hash = "sha256:03a71edd3bc3c54f66e1231095f3e3d1c55a172f72f6ae959fb4f91a21fa7b1e"},
    {file = "panda3d-1.10.10-cp37-cp37m-win_amd64.whl", hash = "sha256:2d3b34fa4891f9b844d992234e052a4979f66074d851541c973697dc17f09f14"},
    {file = "panda3d-1.10.10-cp38-cp38-macosx_10_9_x86_64.whl", hash = "sha256:0b71f87712c8df7c532e2d9a45f8f087f2011ea3202ab2ec7ab98ea00ee70044"},
    {file = "panda3d-1.10.10-cp38-cp38-macosx_11_0_universal2.whl", hash = "sha256:f3d083d93849a0e7349e19174834d6434d1c50f55dbf1191ba0a7d7a935e063f"},
    {file = "panda3d-1.10.10-cp38-cp38-manylinux1_i686.whl", hash = "sha256:16fcfe3fb45783f8bcb89e466fbc87e97a9df0d0653aa6919b3316cd624f67b1"},
    {file = "panda3d-1.10.10-cp38-cp38-manylinux1_x86_64.whl", hash = "sha256:fa1b3402b47f9ef09f5220e22bfb07b9dc2386109eb7735c06b46c5fe558304f"},
    {file = "panda3d-1.10.10-cp38-cp38-win32.whl", hash = "sha256:e949638cc69082e2d94bb3ee3c83c2c49aabe0b789a31706a41d2207caf7fc65"},
    {file = "panda3d-1.10.10-cp38-cp38-win_amd64.whl", hash = "sha256:1699528be45ead79f5d5c0bd3f23d775300b24105c88173d0f39e4f0cac4abf8"},
    {file = "panda3d-1.10.10-cp39-cp39-macosx_10_9_x86_64.whl", hash = "sha256:09036180bdd7c23b62db4e8a579f6f7f13dca82890f76be7341521abbb665148"},
    {file = "panda3d-1.10.10-cp39-cp39-macosx_11_0_universal2.whl", hash = "sha256:480cd6ff912df9a3fd29cc3d8f2554c738a5c7cd584ed2e7961f892f07454ccf"},
    {file = "panda3d-1.10.10-cp39-cp39-manylinux1_i686.whl", hash = "sha256:e57f9bce34ff8697039df2c55e51145f6f8a2d016b5b24434d40dcd4c6b47707"},
    {file = "panda3d-1.10.10-cp39-cp39-manylinux1_x86_64.whl", hash = "sha256:b8224502944f9799ab5840b1f4ab939b1c947bad690e1977ca008cd59a0fb870"},
    {file = "panda3d-1.10.10-cp39-cp39-win32.whl", hash = "sha256:5f2368c4f4079a15a0745b3e1dce3e2b27289a55a147c6757e8f481e7bc8b3de"},
    {file = "panda3d-1.10.10-cp39-cp39-win_amd64.whl", hash = "sha256:60bd2e6435b9ecbdef5181be960bef0ddc85b8ec7ae65b6380dfdef75ae4905d"},
]
pluggy = [
    {file = "pluggy-0.13.1-py2.py3-none-any.whl", hash = "sha256:966c145cd83c96502c3c3868f50408687b38434af77734af1e9ca461a4081d2d"},
    {file = "pluggy-0.13.1.tar.gz", hash = "sha256:15b2acde666561e1298d71b523007ed7364de07029219b604cf808bfa1c765b0"},
]
py = [
    {file = "py-1.11.0-py2.py3-none-any.whl", hash = "sha256:607c53218732647dff4acdfcd50cb62615cedf612e72d1724fb1a0cc6405b378"},
    {file = "py-1.11.0.tar.gz", hash = "sha256:51c75c4126074b472f746a24399ad32f6053d1b34b68d2fa41e558e6f4a98719"},
]
pyparsing = [
    {file = "pyparsing-3.0.6-py3-none-any.whl", hash = "sha256:04ff808a5b90911829c55c4e26f75fa5ca8a2f5f36aa3a51f68e27033341d3e4"},
    {file = "pyparsing-3.0.6.tar.gz", hash = "sha256:d9bdec0013ef1eb5a84ab39a3b3868911598afa494f5faa038647101504e2b81"},
]
pytest = [
    {file = "pytest-5.4.3-py3-none-any.whl", hash = "sha256:5c0db86b698e8f170ba4582a492248919255fcd4c79b1ee64ace34301fb589a1"},
    {file = "pytest-5.4.3.tar.gz", hash = "sha256:7979331bfcba207414f5e1263b5a0f8f521d0f457318836a7355531ed1a4c7d8"},
]
pyyaml = [
    {file = "PyYAML-6.0-cp310-cp310-macosx_10_9_x86_64.whl", hash = "sha256:d4db7c7aef085872ef65a8fd7d6d09a14ae91f691dec3e87ee5ee0539d516f53"},
    {file = "PyYAML-6.0-cp310-cp310-macosx_11_0_arm64.whl", hash = "sha256:9df7ed3b3d2e0ecfe09e14741b857df43adb5a3ddadc919a2d94fbdf78fea53c"},
    {file = "PyYAML-6.0-cp310-cp310-manylinux_2_17_aarch64.manylinux2014_aarch64.whl", hash = "sha256:77f396e6ef4c73fdc33a9157446466f1cff553d979bd00ecb64385760c6babdc"},
    {file = "PyYAML-6.0-cp310-cp310-manylinux_2_17_s390x.manylinux2014_s390x.whl", hash = "sha256:a80a78046a72361de73f8f395f1f1e49f956c6be882eed58505a15f3e430962b"},
    {file = "PyYAML-6.0-cp310-cp310-manylinux_2_5_x86_64.manylinux1_x86_64.manylinux_2_12_x86_64.manylinux2010_x86_64.whl", hash = "sha256:f84fbc98b019fef2ee9a1cb3ce93e3187a6df0b2538a651bfb890254ba9f90b5"},
    {file = "PyYAML-6.0-cp310-cp310-win32.whl", hash = "sha256:2cd5df3de48857ed0544b34e2d40e9fac445930039f3cfe4bcc592a1f836d513"},
    {file = "PyYAML-6.0-cp310-cp310-win_amd64.whl", hash = "sha256:daf496c58a8c52083df09b80c860005194014c3698698d1a57cbcfa182142a3a"},
    {file = "PyYAML-6.0-cp36-cp36m-macosx_10_9_x86_64.whl", hash = "sha256:897b80890765f037df3403d22bab41627ca8811ae55e9a722fd0392850ec4d86"},
    {file = "PyYAML-6.0-cp36-cp36m-manylinux_2_17_aarch64.manylinux2014_aarch64.whl", hash = "sha256:50602afada6d6cbfad699b0c7bb50d5ccffa7e46a3d738092afddc1f9758427f"},
    {file = "PyYAML-6.0-cp36-cp36m-manylinux_2_17_s390x.manylinux2014_s390x.whl", hash = "sha256:48c346915c114f5fdb3ead70312bd042a953a8ce5c7106d5bfb1a5254e47da92"},
    {file = "PyYAML-6.0-cp36-cp36m-manylinux_2_5_x86_64.manylinux1_x86_64.manylinux_2_12_x86_64.manylinux2010_x86_64.whl", hash = "sha256:98c4d36e99714e55cfbaaee6dd5badbc9a1ec339ebfc3b1f52e293aee6bb71a4"},
    {file = "PyYAML-6.0-cp36-cp36m-win32.whl", hash = "sha256:0283c35a6a9fbf047493e3a0ce8d79ef5030852c51e9d911a27badfde0605293"},
    {file = "PyYAML-6.0-cp36-cp36m-win_amd64.whl", hash = "sha256:07751360502caac1c067a8132d150cf3d61339af5691fe9e87803040dbc5db57"},
    {file = "PyYAML-6.0-cp37-cp37m-macosx_10_9_x86_64.whl", hash = "sha256:819b3830a1543db06c4d4b865e70ded25be52a2e0631ccd2f6a47a2822f2fd7c"},
    {file = "PyYAML-6.0-cp37-cp37m-manylinux_2_17_aarch64.manylinux2014_aarch64.whl", hash = "sha256:473f9edb243cb1935ab5a084eb238d842fb8f404ed2193a915d1784b5a6b5fc0"},
    {file = "PyYAML-6.0-cp37-cp37m-manylinux_2_17_s390x.manylinux2014_s390x.whl", hash = "sha256:0ce82d761c532fe4ec3f87fc45688bdd3a4c1dc5e0b4a19814b9009a29baefd4"},
    {file = "PyYAML-6.0-cp37-cp37m-manylinux_2_5_x86_64.manylinux1_x86_64.manylinux_2_12_x86_64.manylinux2010_x86_64.whl", hash = "sha256:231710d57adfd809ef5d34183b8ed1eeae3f76459c18fb4a0b373ad56bedcdd9"},
    {file = "PyYAML-6.0-cp37-cp37m-win32.whl", hash = "sha256:c5687b8d43cf58545ade1fe3e055f70eac7a5a1a0bf42824308d868289a95737"},
    {file = "PyYAML-6.0-cp37-cp37m-win_amd64.whl", hash = "sha256:d15a181d1ecd0d4270dc32edb46f7cb7733c7c508857278d3d378d14d606db2d"},
    {file = "PyYAML-6.0-cp38-cp38-macosx_10_9_x86_64.whl", hash = "sha256:0b4624f379dab24d3725ffde76559cff63d9ec94e1736b556dacdfebe5ab6d4b"},
    {file = "PyYAML-6.0-cp38-cp38-manylinux_2_17_aarch64.manylinux2014_aarch64.whl", hash = "sha256:213c60cd50106436cc818accf5baa1aba61c0189ff610f64f4a3e8c6726218ba"},
    {file = "PyYAML-6.0-cp38-cp38-manylinux_2_17_s390x.manylinux2014_s390x.whl", hash = "sha256:9fa600030013c4de8165339db93d182b9431076eb98eb40ee068700c9c813e34"},
    {file = "PyYAML-6.0-cp38-cp38-manylinux_2_5_x86_64.manylinux1_x86_64.manylinux_2_12_x86_64.manylinux2010_x86_64.whl", hash = "sha256:277a0ef2981ca40581a47093e9e2d13b3f1fbbeffae064c1d21bfceba2030287"},
    {file = "PyYAML-6.0-cp38-cp38-win32.whl", hash = "sha256:d4eccecf9adf6fbcc6861a38015c2a64f38b9d94838ac1810a9023a0609e1b78"},
    {file = "PyYAML-6.0-cp38-cp38-win_amd64.whl", hash = "sha256:1e4747bc279b4f613a09eb64bba2ba602d8a6664c6ce6396a4d0cd413a50ce07"},
    {file = "PyYAML-6.0-cp39-cp39-macosx_10_9_x86_64.whl", hash = "sha256:055d937d65826939cb044fc8c9b08889e8c743fdc6a32b33e2390f66013e449b"},
    {file = "PyYAML-6.0-cp39-cp39-macosx_11_0_arm64.whl", hash = "sha256:e61ceaab6f49fb8bdfaa0f92c4b57bcfbea54c09277b1b4f7ac376bfb7a7c174"},
    {file = "PyYAML-6.0-cp39-cp39-manylinux_2_17_aarch64.manylinux2014_aarch64.whl", hash = "sha256:d67d839ede4ed1b28a4e8909735fc992a923cdb84e618544973d7dfc71540803"},
    {file = "PyYAML-6.0-cp39-cp39-manylinux_2_17_s390x.manylinux2014_s390x.whl", hash = "sha256:cba8c411ef271aa037d7357a2bc8f9ee8b58b9965831d9e51baf703280dc73d3"},
    {file = "PyYAML-6.0-cp39-cp39-manylinux_2_5_x86_64.manylinux1_x86_64.manylinux_2_12_x86_64.manylinux2010_x86_64.whl", hash = "sha256:40527857252b61eacd1d9af500c3337ba8deb8fc298940291486c465c8b46ec0"},
    {file = "PyYAML-6.0-cp39-cp39-win32.whl", hash = "sha256:b5b9eccad747aabaaffbc6064800670f0c297e52c12754eb1d976c57e4f74dcb"},
    {file = "PyYAML-6.0-cp39-cp39-win_amd64.whl", hash = "sha256:b3d267842bf12586ba6c734f89d1f5b871df0273157918b0ccefa29deb05c21c"},
    {file = "PyYAML-6.0.tar.gz", hash = "sha256:68fb519c14306fec9720a2a5b45bc9f0c8d1b9c72adf45c37baedfcd949c35a2"},
]
requests = [
    {file = "requests-2.26.0-py2.py3-none-any.whl", hash = "sha256:6c1246513ecd5ecd4528a0906f910e8f0f9c6b8ec72030dc9fd154dc1a6efd24"},
    {file = "requests-2.26.0.tar.gz", hash = "sha256:b8aa58f8cf793ffd8782d3d8cb19e66ef36f7aba4353eec859e74678b01b07a7"},
]
unicode = [
    {file = "unicode-2.8-py2.py3-none-any.whl", hash = "sha256:a1bb93e2b9f68b9316734abcbc54fed78881df94268cd72d21b4f7a6be3ec970"},
    {file = "unicode-2.8.tar.gz", hash = "sha256:000f637428446f64352f72cb782e2a3dc587f14011ee4c9840657062ec3c27ed"},
]
unidecode = [
    {file = "Unidecode-1.3.2-py3-none-any.whl", hash = "sha256:215fe33c9d1c889fa823ccb66df91b02524eb8cc8c9c80f9c5b8129754d27829"},
    {file = "Unidecode-1.3.2.tar.gz", hash = "sha256:669898c1528912bcf07f9819dc60df18d057f7528271e31f8ec28cc88ef27504"},
]
urllib3 = [
    {file = "urllib3-1.26.7-py2.py3-none-any.whl", hash = "sha256:c4fdf4019605b6e5423637e01bc9fe4daef873709a7973e195ceba0a62bbc844"},
    {file = "urllib3-1.26.7.tar.gz", hash = "sha256:4987c65554f7a2dbf30c18fd48778ef124af6fab771a377103da0585e2336ece"},
]
wcwidth = [
    {file = "wcwidth-0.2.5-py2.py3-none-any.whl", hash = "sha256:beb4802a9cebb9144e99086eff703a642a13d6a0052920003a230f3294bbe784"},
    {file = "wcwidth-0.2.5.tar.gz", hash = "sha256:c4d647b99872929fdb7bdcaa4fbe7f01413ed3d98077df798530e5b04f116c83"},
]
xdg = [
    {file = "xdg-5.1.1-py3-none-any.whl", hash = "sha256:865a7b56ed1d4cd2fce2ead1eddf97360843619757f473cd90b75f1817ca541d"},
    {file = "xdg-5.1.1.tar.gz", hash = "sha256:aa619f26ccec6088b2a6018721d4ee86e602099b24644a90a8d3308a25acd06c"},
]
